
Microsoft Visual Studio Solution File, Format Version 12.00
# Visual Studio 15
VisualStudioVersion = 15.0.27004.2002
MinimumVisualStudioVersion = 10.0.40219.1
Project("{8BC9CEB8-8B4A-11D0-8D11-00A0C91BC942}") = "Day1", "Day1\Day1.vcxproj", "{1AA6E803-ED3F-4C7F-A33C-A08EBBD107DB}"
EndProject
Project("{8BC9CEB8-8B4A-11D0-8D11-00A0C91BC942}") = "Day2", "Day2\Day2.vcxproj", "{E1AD086F-B199-4D18-B612-D43EF45692E7}"
EndProject
Project("{8BC9CEB8-8B4A-11D0-8D11-00A0C91BC942}") = "Day3", "Day3\Day3.vcxproj", "{7BC29780-425C-4298-93A0-7750DF23BDFF}"
EndProject
Project("{8BC9CEB8-8B4A-11D0-8D11-00A0C91BC942}") = "Day4", "Day4\Day4.vcxproj", "{85E23D7D-0BD9-44F4-872E-1B5D00CB2F26}"
EndProject
Project("{8BC9CEB8-8B4A-11D0-8D11-00A0C91BC942}") = "Day5", "Day5\Day5.vcxproj", "{32D163A9-6AB3-415D-B76B-F3BF03C79189}"
EndProject
Project("{8BC9CEB8-8B4A-11D0-8D11-00A0C91BC942}") = "Day6", "Day6\Day6.vcxproj", "{3DEB50B4-5A2C-4AF6-BCA9-5B4C41D78250}"
EndProject
Project("{8BC9CEB8-8B4A-11D0-8D11-00A0C91BC942}") = "Day7", "Day7\Day7.vcxproj", "{2EE1750F-4F49-4017-9169-E88BD531E61D}"
EndProject
Project("{8BC9CEB8-8B4A-11D0-8D11-00A0C91BC942}") = "Day8", "Day8\Day8.vcxproj", "{D03764A3-E8BA-4713-AC64-7D8304416FB2}"
EndProject
Project("{8BC9CEB8-8B4A-11D0-8D11-00A0C91BC942}") = "Day9", "Day9\Day9.vcxproj", "{8F9C629D-D981-4184-BC12-0FCDEC8785AC}"
EndProject
Project("{8BC9CEB8-8B4A-11D0-8D11-00A0C91BC942}") = "Day10", "Day10\Day10.vcxproj", "{E4DA8826-3AF1-4A9D-91F9-CA0C246F7804}"
EndProject
Project("{8BC9CEB8-8B4A-11D0-8D11-00A0C91BC942}") = "Day11", "Day11\Day11.vcxproj", "{0C0A300F-8F8E-40FD-A1D8-9C21A8DB2073}"
EndProject
Project("{8BC9CEB8-8B4A-11D0-8D11-00A0C91BC942}") = "Day12", "Day12\Day12.vcxproj", "{05BE6C0E-24C6-4E89-A39D-BB74E9625E91}"
EndProject
Project("{8BC9CEB8-8B4A-11D0-8D11-00A0C91BC942}") = "Day14", "Day14\Day14.vcxproj", "{37993513-C790-4F22-9A60-FF87E726BAA2}"
EndProject
Project("{8BC9CEB8-8B4A-11D0-8D11-00A0C91BC942}") = "Day13", "Day13\Day13.vcxproj", "{694D8062-66B1-45DF-BF28-F412802A07A0}"
EndProject
Project("{8BC9CEB8-8B4A-11D0-8D11-00A0C91BC942}") = "Day15", "Day15\Day15.vcxproj", "{D875DA34-89E0-4A2F-94AB-6D0D2C1E5D7B}"
EndProject
Global
	GlobalSection(SolutionConfigurationPlatforms) = preSolution
		Debug|x64 = Debug|x64
		Debug|x86 = Debug|x86
		Release|x64 = Release|x64
		Release|x86 = Release|x86
	EndGlobalSection
	GlobalSection(ProjectConfigurationPlatforms) = postSolution
		{1AA6E803-ED3F-4C7F-A33C-A08EBBD107DB}.Debug|x64.ActiveCfg = Debug|x64
		{1AA6E803-ED3F-4C7F-A33C-A08EBBD107DB}.Debug|x64.Build.0 = Debug|x64
		{1AA6E803-ED3F-4C7F-A33C-A08EBBD107DB}.Debug|x86.ActiveCfg = Debug|Win32
		{1AA6E803-ED3F-4C7F-A33C-A08EBBD107DB}.Debug|x86.Build.0 = Debug|Win32
		{1AA6E803-ED3F-4C7F-A33C-A08EBBD107DB}.Release|x64.ActiveCfg = Release|x64
		{1AA6E803-ED3F-4C7F-A33C-A08EBBD107DB}.Release|x64.Build.0 = Release|x64
		{1AA6E803-ED3F-4C7F-A33C-A08EBBD107DB}.Release|x86.ActiveCfg = Release|Win32
		{1AA6E803-ED3F-4C7F-A33C-A08EBBD107DB}.Release|x86.Build.0 = Release|Win32
		{E1AD086F-B199-4D18-B612-D43EF45692E7}.Debug|x64.ActiveCfg = Debug|x64
		{E1AD086F-B199-4D18-B612-D43EF45692E7}.Debug|x64.Build.0 = Debug|x64
		{E1AD086F-B199-4D18-B612-D43EF45692E7}.Debug|x86.ActiveCfg = Debug|Win32
		{E1AD086F-B199-4D18-B612-D43EF45692E7}.Debug|x86.Build.0 = Debug|Win32
		{E1AD086F-B199-4D18-B612-D43EF45692E7}.Release|x64.ActiveCfg = Release|x64
		{E1AD086F-B199-4D18-B612-D43EF45692E7}.Release|x64.Build.0 = Release|x64
		{E1AD086F-B199-4D18-B612-D43EF45692E7}.Release|x86.ActiveCfg = Release|Win32
		{E1AD086F-B199-4D18-B612-D43EF45692E7}.Release|x86.Build.0 = Release|Win32
		{7BC29780-425C-4298-93A0-7750DF23BDFF}.Debug|x64.ActiveCfg = Debug|x64
		{7BC29780-425C-4298-93A0-7750DF23BDFF}.Debug|x64.Build.0 = Debug|x64
		{7BC29780-425C-4298-93A0-7750DF23BDFF}.Debug|x86.ActiveCfg = Debug|Win32
		{7BC29780-425C-4298-93A0-7750DF23BDFF}.Debug|x86.Build.0 = Debug|Win32
		{7BC29780-425C-4298-93A0-7750DF23BDFF}.Release|x64.ActiveCfg = Release|x64
		{7BC29780-425C-4298-93A0-7750DF23BDFF}.Release|x64.Build.0 = Release|x64
		{7BC29780-425C-4298-93A0-7750DF23BDFF}.Release|x86.ActiveCfg = Release|Win32
		{7BC29780-425C-4298-93A0-7750DF23BDFF}.Release|x86.Build.0 = Release|Win32
		{85E23D7D-0BD9-44F4-872E-1B5D00CB2F26}.Debug|x64.ActiveCfg = Debug|x64
		{85E23D7D-0BD9-44F4-872E-1B5D00CB2F26}.Debug|x64.Build.0 = Debug|x64
		{85E23D7D-0BD9-44F4-872E-1B5D00CB2F26}.Debug|x86.ActiveCfg = Debug|Win32
		{85E23D7D-0BD9-44F4-872E-1B5D00CB2F26}.Debug|x86.Build.0 = Debug|Win32
		{85E23D7D-0BD9-44F4-872E-1B5D00CB2F26}.Release|x64.ActiveCfg = Release|x64
		{85E23D7D-0BD9-44F4-872E-1B5D00CB2F26}.Release|x64.Build.0 = Release|x64
		{85E23D7D-0BD9-44F4-872E-1B5D00CB2F26}.Release|x86.ActiveCfg = Release|Win32
		{85E23D7D-0BD9-44F4-872E-1B5D00CB2F26}.Release|x86.Build.0 = Release|Win32
		{32D163A9-6AB3-415D-B76B-F3BF03C79189}.Debug|x64.ActiveCfg = Debug|x64
		{32D163A9-6AB3-415D-B76B-F3BF03C79189}.Debug|x64.Build.0 = Debug|x64
		{32D163A9-6AB3-415D-B76B-F3BF03C79189}.Debug|x86.ActiveCfg = Debug|Win32
		{32D163A9-6AB3-415D-B76B-F3BF03C79189}.Debug|x86.Build.0 = Debug|Win32
		{32D163A9-6AB3-415D-B76B-F3BF03C79189}.Release|x64.ActiveCfg = Release|x64
		{32D163A9-6AB3-415D-B76B-F3BF03C79189}.Release|x64.Build.0 = Release|x64
		{32D163A9-6AB3-415D-B76B-F3BF03C79189}.Release|x86.ActiveCfg = Release|Win32
		{32D163A9-6AB3-415D-B76B-F3BF03C79189}.Release|x86.Build.0 = Release|Win32
		{3DEB50B4-5A2C-4AF6-BCA9-5B4C41D78250}.Debug|x64.ActiveCfg = Debug|x64
		{3DEB50B4-5A2C-4AF6-BCA9-5B4C41D78250}.Debug|x64.Build.0 = Debug|x64
		{3DEB50B4-5A2C-4AF6-BCA9-5B4C41D78250}.Debug|x86.ActiveCfg = Debug|Win32
		{3DEB50B4-5A2C-4AF6-BCA9-5B4C41D78250}.Debug|x86.Build.0 = Debug|Win32
		{3DEB50B4-5A2C-4AF6-BCA9-5B4C41D78250}.Release|x64.ActiveCfg = Release|x64
		{3DEB50B4-5A2C-4AF6-BCA9-5B4C41D78250}.Release|x64.Build.0 = Release|x64
		{3DEB50B4-5A2C-4AF6-BCA9-5B4C41D78250}.Release|x86.ActiveCfg = Release|Win32
		{3DEB50B4-5A2C-4AF6-BCA9-5B4C41D78250}.Release|x86.Build.0 = Release|Win32
		{2EE1750F-4F49-4017-9169-E88BD531E61D}.Debug|x64.ActiveCfg = Debug|x64
		{2EE1750F-4F49-4017-9169-E88BD531E61D}.Debug|x64.Build.0 = Debug|x64
		{2EE1750F-4F49-4017-9169-E88BD531E61D}.Debug|x86.ActiveCfg = Debug|Win32
		{2EE1750F-4F49-4017-9169-E88BD531E61D}.Debug|x86.Build.0 = Debug|Win32
		{2EE1750F-4F49-4017-9169-E88BD531E61D}.Release|x64.ActiveCfg = Release|x64
		{2EE1750F-4F49-4017-9169-E88BD531E61D}.Release|x64.Build.0 = Release|x64
		{2EE1750F-4F49-4017-9169-E88BD531E61D}.Release|x86.ActiveCfg = Release|Win32
		{2EE1750F-4F49-4017-9169-E88BD531E61D}.Release|x86.Build.0 = Release|Win32
		{D03764A3-E8BA-4713-AC64-7D8304416FB2}.Debug|x64.ActiveCfg = Debug|x64
		{D03764A3-E8BA-4713-AC64-7D8304416FB2}.Debug|x64.Build.0 = Debug|x64
		{D03764A3-E8BA-4713-AC64-7D8304416FB2}.Debug|x86.ActiveCfg = Debug|Win32
		{D03764A3-E8BA-4713-AC64-7D8304416FB2}.Debug|x86.Build.0 = Debug|Win32
		{D03764A3-E8BA-4713-AC64-7D8304416FB2}.Release|x64.ActiveCfg = Release|x64
		{D03764A3-E8BA-4713-AC64-7D8304416FB2}.Release|x64.Build.0 = Release|x64
		{D03764A3-E8BA-4713-AC64-7D8304416FB2}.Release|x86.ActiveCfg = Release|Win32
		{D03764A3-E8BA-4713-AC64-7D8304416FB2}.Release|x86.Build.0 = Release|Win32
		{8F9C629D-D981-4184-BC12-0FCDEC8785AC}.Debug|x64.ActiveCfg = Debug|x64
		{8F9C629D-D981-4184-BC12-0FCDEC8785AC}.Debug|x64.Build.0 = Debug|x64
		{8F9C629D-D981-4184-BC12-0FCDEC8785AC}.Debug|x86.ActiveCfg = Debug|Win32
		{8F9C629D-D981-4184-BC12-0FCDEC8785AC}.Debug|x86.Build.0 = Debug|Win32
		{8F9C629D-D981-4184-BC12-0FCDEC8785AC}.Release|x64.ActiveCfg = Release|x64
		{8F9C629D-D981-4184-BC12-0FCDEC8785AC}.Release|x64.Build.0 = Release|x64
		{8F9C629D-D981-4184-BC12-0FCDEC8785AC}.Release|x86.ActiveCfg = Release|Win32
		{8F9C629D-D981-4184-BC12-0FCDEC8785AC}.Release|x86.Build.0 = Release|Win32
		{E4DA8826-3AF1-4A9D-91F9-CA0C246F7804}.Debug|x64.ActiveCfg = Debug|x64
		{E4DA8826-3AF1-4A9D-91F9-CA0C246F7804}.Debug|x64.Build.0 = Debug|x64
		{E4DA8826-3AF1-4A9D-91F9-CA0C246F7804}.Debug|x86.ActiveCfg = Debug|Win32
		{E4DA8826-3AF1-4A9D-91F9-CA0C246F7804}.Debug|x86.Build.0 = Debug|Win32
		{E4DA8826-3AF1-4A9D-91F9-CA0C246F7804}.Release|x64.ActiveCfg = Release|x64
		{E4DA8826-3AF1-4A9D-91F9-CA0C246F7804}.Release|x64.Build.0 = Release|x64
		{E4DA8826-3AF1-4A9D-91F9-CA0C246F7804}.Release|x86.ActiveCfg = Release|Win32
		{E4DA8826-3AF1-4A9D-91F9-CA0C246F7804}.Release|x86.Build.0 = Release|Win32
		{0C0A300F-8F8E-40FD-A1D8-9C21A8DB2073}.Debug|x64.ActiveCfg = Debug|x64
		{0C0A300F-8F8E-40FD-A1D8-9C21A8DB2073}.Debug|x64.Build.0 = Debug|x64
		{0C0A300F-8F8E-40FD-A1D8-9C21A8DB2073}.Debug|x86.ActiveCfg = Debug|Win32
		{0C0A300F-8F8E-40FD-A1D8-9C21A8DB2073}.Debug|x86.Build.0 = Debug|Win32
		{0C0A300F-8F8E-40FD-A1D8-9C21A8DB2073}.Release|x64.ActiveCfg = Release|x64
		{0C0A300F-8F8E-40FD-A1D8-9C21A8DB2073}.Release|x64.Build.0 = Release|x64
		{0C0A300F-8F8E-40FD-A1D8-9C21A8DB2073}.Release|x86.ActiveCfg = Release|Win32
		{0C0A300F-8F8E-40FD-A1D8-9C21A8DB2073}.Release|x86.Build.0 = Release|Win32
		{05BE6C0E-24C6-4E89-A39D-BB74E9625E91}.Debug|x64.ActiveCfg = Debug|x64
		{05BE6C0E-24C6-4E89-A39D-BB74E9625E91}.Debug|x64.Build.0 = Debug|x64
		{05BE6C0E-24C6-4E89-A39D-BB74E9625E91}.Debug|x86.ActiveCfg = Debug|Win32
		{05BE6C0E-24C6-4E89-A39D-BB74E9625E91}.Debug|x86.Build.0 = Debug|Win32
		{05BE6C0E-24C6-4E89-A39D-BB74E9625E91}.Release|x64.ActiveCfg = Release|x64
		{05BE6C0E-24C6-4E89-A39D-BB74E9625E91}.Release|x64.Build.0 = Release|x64
		{05BE6C0E-24C6-4E89-A39D-BB74E9625E91}.Release|x86.ActiveCfg = Release|Win32
		{05BE6C0E-24C6-4E89-A39D-BB74E9625E91}.Release|x86.Build.0 = Release|Win32
		{37993513-C790-4F22-9A60-FF87E726BAA2}.Debug|x64.ActiveCfg = Debug|x64
		{37993513-C790-4F22-9A60-FF87E726BAA2}.Debug|x64.Build.0 = Debug|x64
		{37993513-C790-4F22-9A60-FF87E726BAA2}.Debug|x86.ActiveCfg = Debug|Win32
		{37993513-C790-4F22-9A60-FF87E726BAA2}.Debug|x86.Build.0 = Debug|Win32
		{37993513-C790-4F22-9A60-FF87E726BAA2}.Release|x64.ActiveCfg = Release|x64
		{37993513-C790-4F22-9A60-FF87E726BAA2}.Release|x64.Build.0 = Release|x64
		{37993513-C790-4F22-9A60-FF87E726BAA2}.Release|x86.ActiveCfg = Release|Win32
		{37993513-C790-4F22-9A60-FF87E726BAA2}.Release|x86.Build.0 = Release|Win32
		{694D8062-66B1-45DF-BF28-F412802A07A0}.Debug|x64.ActiveCfg = Debug|x64
		{694D8062-66B1-45DF-BF28-F412802A07A0}.Debug|x64.Build.0 = Debug|x64
		{694D8062-66B1-45DF-BF28-F412802A07A0}.Debug|x86.ActiveCfg = Debug|Win32
		{694D8062-66B1-45DF-BF28-F412802A07A0}.Debug|x86.Build.0 = Debug|Win32
		{694D8062-66B1-45DF-BF28-F412802A07A0}.Release|x64.ActiveCfg = Release|x64
		{694D8062-66B1-45DF-BF28-F412802A07A0}.Release|x64.Build.0 = Release|x64
		{694D8062-66B1-45DF-BF28-F412802A07A0}.Release|x86.ActiveCfg = Release|Win32
		{694D8062-66B1-45DF-BF28-F412802A07A0}.Release|x86.Build.0 = Release|Win32
		{D875DA34-89E0-4A2F-94AB-6D0D2C1E5D7B}.Debug|x64.ActiveCfg = Debug|x64
		{D875DA34-89E0-4A2F-94AB-6D0D2C1E5D7B}.Debug|x64.Build.0 = Debug|x64
		{D875DA34-89E0-4A2F-94AB-6D0D2C1E5D7B}.Debug|x86.ActiveCfg = Debug|Win32
		{D875DA34-89E0-4A2F-94AB-6D0D2C1E5D7B}.Debug|x86.Build.0 = Debug|Win32
		{D875DA34-89E0-4A2F-94AB-6D0D2C1E5D7B}.Release|x64.ActiveCfg = Release|x64
		{D875DA34-89E0-4A2F-94AB-6D0D2C1E5D7B}.Release|x64.Build.0 = Release|x64
		{D875DA34-89E0-4A2F-94AB-6D0D2C1E5D7B}.Release|x86.ActiveCfg = Release|Win32
		{D875DA34-89E0-4A2F-94AB-6D0D2C1E5D7B}.Release|x86.Build.0 = Release|Win32
	EndGlobalSection
	GlobalSection(SolutionProperties) = preSolution
		HideSolutionNode = FALSE
	EndGlobalSection
	GlobalSection(ExtensibilityGlobals) = postSolution
		SolutionGuid = {DAECE9F6-B035-45DB-A7BF-96E2E74FBF85}
	EndGlobalSection
EndGlobal
